
Microsoft Visual Studio Solution File, Format Version 12.00
# Visual Studio Version 16
VisualStudioVersion = 16.0.30011.22
MinimumVisualStudioVersion = 10.0.40219.1
Project("{FAE04EC0-301F-11D3-BF4B-00C04F79EFBC}") = "BlogCore", "BlogCore\BlogCore.csproj", "{83963CEE-5B9D-456D-ABF4-09E9FC1DF3A2}"
EndProject
Project("{FAE04EC0-301F-11D3-BF4B-00C04F79EFBC}") = "BlogCore.AccesoDatos", "BlogCore.AccesoDatos\BlogCore.AccesoDatos.csproj", "{6FFB3A71-E9FB-4FAE-BD90-38278638EB71}"
EndProject
Project("{FAE04EC0-301F-11D3-BF4B-00C04F79EFBC}") = "BlogCore.Models", "BlogCore.Models\BlogCore.Models.csproj", "{E9E4180D-FE04-454D-885F-BFA3AFA41964}"
EndProject
Project("{FAE04EC0-301F-11D3-BF4B-00C04F79EFBC}") = "BlogCore.Utilidades", "BlogCore.Utilidades\BlogCore.Utilidades.csproj", "{47C12CF4-D072-4D71-B911-D7BB1E11156C}"
EndProject
Global
	GlobalSection(SolutionConfigurationPlatforms) = preSolution
		Debug|Any CPU = Debug|Any CPU
		Release|Any CPU = Release|Any CPU
	EndGlobalSection
	GlobalSection(ProjectConfigurationPlatforms) = postSolution
		{83963CEE-5B9D-456D-ABF4-09E9FC1DF3A2}.Debug|Any CPU.ActiveCfg = Debug|Any CPU
		{83963CEE-5B9D-456D-ABF4-09E9FC1DF3A2}.Debug|Any CPU.Build.0 = Debug|Any CPU
		{83963CEE-5B9D-456D-ABF4-09E9FC1DF3A2}.Release|Any CPU.ActiveCfg = Release|Any CPU
		{83963CEE-5B9D-456D-ABF4-09E9FC1DF3A2}.Release|Any CPU.Build.0 = Release|Any CPU
		{6FFB3A71-E9FB-4FAE-BD90-38278638EB71}.Debug|Any CPU.ActiveCfg = Debug|Any CPU
		{6FFB3A71-E9FB-4FAE-BD90-38278638EB71}.Debug|Any CPU.Build.0 = Debug|Any CPU
		{6FFB3A71-E9FB-4FAE-BD90-38278638EB71}.Release|Any CPU.ActiveCfg = Release|Any CPU
		{6FFB3A71-E9FB-4FAE-BD90-38278638EB71}.Release|Any CPU.Build.0 = Release|Any CPU
		{E9E4180D-FE04-454D-885F-BFA3AFA41964}.Debug|Any CPU.ActiveCfg = Debug|Any CPU
		{E9E4180D-FE04-454D-885F-BFA3AFA41964}.Debug|Any CPU.Build.0 = Debug|Any CPU
		{E9E4180D-FE04-454D-885F-BFA3AFA41964}.Release|Any CPU.ActiveCfg = Release|Any CPU
		{E9E4180D-FE04-454D-885F-BFA3AFA41964}.Release|Any CPU.Build.0 = Release|Any CPU
		{47C12CF4-D072-4D71-B911-D7BB1E11156C}.Debug|Any CPU.ActiveCfg = Debug|Any CPU
		{47C12CF4-D072-4D71-B911-D7BB1E11156C}.Debug|Any CPU.Build.0 = Debug|Any CPU
		{47C12CF4-D072-4D71-B911-D7BB1E11156C}.Release|Any CPU.ActiveCfg = Release|Any CPU
		{47C12CF4-D072-4D71-B911-D7BB1E11156C}.Release|Any CPU.Build.0 = Release|Any CPU
	EndGlobalSection
	GlobalSection(SolutionProperties) = preSolution
		HideSolutionNode = FALSE
	EndGlobalSection
	GlobalSection(ExtensibilityGlobals) = postSolution
		SolutionGuid = {69907278-6655-4F5C-881A-ABD727390C24}
	EndGlobalSection
EndGlobal
